
Microsoft Visual Studio Solution File, Format Version 12.00
# Visual Studio Version 17
VisualStudioVersion = 17.8.34511.84
MinimumVisualStudioVersion = 10.0.40219.1
Project("{FAE04EC0-301F-11D3-BF4B-00C04F79EFBC}") = "examen", "examen.csproj", "{16252837-5EB9-4B43-985C-A23A24DE7211}"
EndProject
Global
	GlobalSection(SolutionConfigurationPlatforms) = preSolution
		Debug|Any CPU = Debug|Any CPU
		Release|Any CPU = Release|Any CPU
	EndGlobalSection
	GlobalSection(ProjectConfigurationPlatforms) = postSolution
		{16252837-5EB9-4B43-985C-A23A24DE7211}.Debug|Any CPU.ActiveCfg = Debug|Any CPU
		{16252837-5EB9-4B43-985C-A23A24DE7211}.Debug|Any CPU.Build.0 = Debug|Any CPU
		{16252837-5EB9-4B43-985C-A23A24DE7211}.Release|Any CPU.ActiveCfg = Release|Any CPU
		{16252837-5EB9-4B43-985C-A23A24DE7211}.Release|Any CPU.Build.0 = Release|Any CPU
	EndGlobalSection
	GlobalSection(SolutionProperties) = preSolution
		HideSolutionNode = FALSE
	EndGlobalSection
	GlobalSection(ExtensibilityGlobals) = postSolution
		SolutionGuid = {AA89129C-A86A-4F62-BA2D-56C37AD31455}
	EndGlobalSection
EndGlobal
